
Microsoft Visual Studio Solution File, Format Version 12.00
# Visual Studio 15
VisualStudioVersion = 15.0.28307.329
MinimumVisualStudioVersion = 10.0.40219.1
Project("{2150E333-8FDC-42A3-9474-1A3956D46DE8}") = "Instructie", "Instructie", "{35CD8FFA-7223-4D17-90D3-E053856152CC}"
EndProject
Project("{2150E333-8FDC-42A3-9474-1A3956D46DE8}") = "Toetsen", "Toetsen", "{CC685B81-BB6D-4045-9C02-93A26F11F843}"
EndProject
Project("{2150E333-8FDC-42A3-9474-1A3956D46DE8}") = "Opdrachten", "Opdrachten", "{5B70A657-556C-4762-9D1F-59D4081274CB}"
EndProject
Project("{2150E333-8FDC-42A3-9474-1A3956D46DE8}") = "Hoofdstuk02", "Hoofdstuk02", "{8616C39E-9306-467D-AE3B-3A00E8DDE171}"
EndProject
Project("{8BC9CEB8-8B4A-11D0-8D11-00A0C91BC942}") = "OPDRACHT2", "OPDRACHT2.1\OPDRACHT2.1.vcxproj", "{5AD32176-8222-4837-B7A9-B0855960C3A7}"
EndProject
Project("{2150E333-8FDC-42A3-9474-1A3956D46DE8}") = "Hoofdstuk03", "Hoofdstuk03", "{10E14E6C-C9F7-4410-B528-9BF107605F42}"
EndProject
Project("{8BC9CEB8-8B4A-11D0-8D11-00A0C91BC942}") = "OPDRACHT3.1", "OPDRACHT3.1\OPDRACHT3.1\OPDRACHT3.1.vcxproj", "{7D84E211-37A0-49AB-BE8C-56C60807E5A4}"
EndProject
Project("{2150E333-8FDC-42A3-9474-1A3956D46DE8}") = "Hoofdstuk04", "Hoofdstuk04", "{BF6FD02B-1DB1-4D9D-A09F-6F489B608D69}"
EndProject
Project("{8BC9CEB8-8B4A-11D0-8D11-00A0C91BC942}") = "OPDRACHT4.1", "OPDRACHT4.1\OPDRACHT4.1.vcxproj", "{FE4048AD-0E40-4EAC-B749-DDA74EA5DB9A}"
EndProject
Project("{2150E333-8FDC-42A3-9474-1A3956D46DE8}") = "Hoofdstuk05", "Hoofdstuk05", "{C84327CC-B051-41C6-9921-3E170D53A19B}"
EndProject
Project("{8BC9CEB8-8B4A-11D0-8D11-00A0C91BC942}") = "OPDRACHT5", "OPDRACHT5\OPDRACHT5.vcxproj", "{7A0E172D-1CB5-4B0A-A31E-DB5368760DF5}"
EndProject
Project("{2150E333-8FDC-42A3-9474-1A3956D46DE8}") = "Hoofdstuk06", "Hoofdstuk06", "{811138F9-1A14-47E1-AE4B-753D0A40FCA3}"
EndProject
Project("{8BC9CEB8-8B4A-11D0-8D11-00A0C91BC942}") = "OPDRACHT6", "OPDRACHT6\OPDRACHT6.vcxproj", "{DE574A08-F6A2-4AB7-8C72-202C5C0DA897}"
EndProject
Project("{2150E333-8FDC-42A3-9474-1A3956D46DE8}") = "Hoofdstuk07", "Hoofdstuk07", "{5DCF1596-D59E-4DA3-AD97-A5C463055524}"
EndProject
Project("{8BC9CEB8-8B4A-11D0-8D11-00A0C91BC942}") = "OPDRACHT7", "OPDRACHT7\OPDRACHT7.vcxproj", "{6B93FE64-1C7B-476C-9500-A85522E4AA43}"
EndProject
Project("{2150E333-8FDC-42A3-9474-1A3956D46DE8}") = "Hoofdstuk08", "Hoofdstuk08", "{F1244827-AEF7-473A-B409-89E1471C73B3}"
EndProject
Project("{8BC9CEB8-8B4A-11D0-8D11-00A0C91BC942}") = "OPDRACHT8", "OPDRACHT8\OPDRACHT8.vcxproj", "{4EA322FC-BB27-4E5D-98B3-72604CBD728F}"
EndProject
Project("{2150E333-8FDC-42A3-9474-1A3956D46DE8}") = "Hoofdstuk09", "Hoofdstuk09", "{FA153F93-484D-4FFF-B00B-5924E6E6F600}"
EndProject
Project("{2150E333-8FDC-42A3-9474-1A3956D46DE8}") = "Hoofdstuk10", "Hoofdstuk10", "{27CD5FAF-B2D6-4275-9185-560EB30AF239}"
EndProject
Project("{8BC9CEB8-8B4A-11D0-8D11-00A0C91BC942}") = "XOPDRACHT10", "XOPDRACHT10\XOPDRACHT10.vcxproj", "{6A2AA853-43CE-478A-8AF9-CFA679FCA500}"
EndProject
Global
	GlobalSection(SolutionConfigurationPlatforms) = preSolution
		Debug|x64 = Debug|x64
		Debug|x86 = Debug|x86
		Release|x64 = Release|x64
		Release|x86 = Release|x86
	EndGlobalSection
	GlobalSection(ProjectConfigurationPlatforms) = postSolution
		{5AD32176-8222-4837-B7A9-B0855960C3A7}.Debug|x64.ActiveCfg = Debug|x64
		{5AD32176-8222-4837-B7A9-B0855960C3A7}.Debug|x64.Build.0 = Debug|x64
		{5AD32176-8222-4837-B7A9-B0855960C3A7}.Debug|x86.ActiveCfg = Debug|Win32
		{5AD32176-8222-4837-B7A9-B0855960C3A7}.Debug|x86.Build.0 = Debug|Win32
		{5AD32176-8222-4837-B7A9-B0855960C3A7}.Release|x64.ActiveCfg = Release|x64
		{5AD32176-8222-4837-B7A9-B0855960C3A7}.Release|x64.Build.0 = Release|x64
		{5AD32176-8222-4837-B7A9-B0855960C3A7}.Release|x86.ActiveCfg = Release|Win32
		{5AD32176-8222-4837-B7A9-B0855960C3A7}.Release|x86.Build.0 = Release|Win32
		{7D84E211-37A0-49AB-BE8C-56C60807E5A4}.Debug|x64.ActiveCfg = Debug|x64
		{7D84E211-37A0-49AB-BE8C-56C60807E5A4}.Debug|x64.Build.0 = Debug|x64
		{7D84E211-37A0-49AB-BE8C-56C60807E5A4}.Debug|x86.ActiveCfg = Debug|Win32
		{7D84E211-37A0-49AB-BE8C-56C60807E5A4}.Debug|x86.Build.0 = Debug|Win32
		{7D84E211-37A0-49AB-BE8C-56C60807E5A4}.Release|x64.ActiveCfg = Release|x64
		{7D84E211-37A0-49AB-BE8C-56C60807E5A4}.Release|x64.Build.0 = Release|x64
		{7D84E211-37A0-49AB-BE8C-56C60807E5A4}.Release|x86.ActiveCfg = Release|Win32
		{7D84E211-37A0-49AB-BE8C-56C60807E5A4}.Release|x86.Build.0 = Release|Win32
		{FE4048AD-0E40-4EAC-B749-DDA74EA5DB9A}.Debug|x64.ActiveCfg = Debug|x64
		{FE4048AD-0E40-4EAC-B749-DDA74EA5DB9A}.Debug|x64.Build.0 = Debug|x64
		{FE4048AD-0E40-4EAC-B749-DDA74EA5DB9A}.Debug|x86.ActiveCfg = Debug|Win32
		{FE4048AD-0E40-4EAC-B749-DDA74EA5DB9A}.Debug|x86.Build.0 = Debug|Win32
		{FE4048AD-0E40-4EAC-B749-DDA74EA5DB9A}.Release|x64.ActiveCfg = Release|x64
		{FE4048AD-0E40-4EAC-B749-DDA74EA5DB9A}.Release|x64.Build.0 = Release|x64
		{FE4048AD-0E40-4EAC-B749-DDA74EA5DB9A}.Release|x86.ActiveCfg = Release|Win32
		{FE4048AD-0E40-4EAC-B749-DDA74EA5DB9A}.Release|x86.Build.0 = Release|Win32
		{7A0E172D-1CB5-4B0A-A31E-DB5368760DF5}.Debug|x64.ActiveCfg = Debug|x64
		{7A0E172D-1CB5-4B0A-A31E-DB5368760DF5}.Debug|x64.Build.0 = Debug|x64
		{7A0E172D-1CB5-4B0A-A31E-DB5368760DF5}.Debug|x86.ActiveCfg = Debug|Win32
		{7A0E172D-1CB5-4B0A-A31E-DB5368760DF5}.Debug|x86.Build.0 = Debug|Win32
		{7A0E172D-1CB5-4B0A-A31E-DB5368760DF5}.Release|x64.ActiveCfg = Release|x64
		{7A0E172D-1CB5-4B0A-A31E-DB5368760DF5}.Release|x64.Build.0 = Release|x64
		{7A0E172D-1CB5-4B0A-A31E-DB5368760DF5}.Release|x86.ActiveCfg = Release|Win32
		{7A0E172D-1CB5-4B0A-A31E-DB5368760DF5}.Release|x86.Build.0 = Release|Win32
		{DE574A08-F6A2-4AB7-8C72-202C5C0DA897}.Debug|x64.ActiveCfg = Debug|x64
		{DE574A08-F6A2-4AB7-8C72-202C5C0DA897}.Debug|x64.Build.0 = Debug|x64
		{DE574A08-F6A2-4AB7-8C72-202C5C0DA897}.Debug|x86.ActiveCfg = Debug|Win32
		{DE574A08-F6A2-4AB7-8C72-202C5C0DA897}.Debug|x86.Build.0 = Debug|Win32
		{DE574A08-F6A2-4AB7-8C72-202C5C0DA897}.Release|x64.ActiveCfg = Release|x64
		{DE574A08-F6A2-4AB7-8C72-202C5C0DA897}.Release|x64.Build.0 = Release|x64
		{DE574A08-F6A2-4AB7-8C72-202C5C0DA897}.Release|x86.ActiveCfg = Release|Win32
		{DE574A08-F6A2-4AB7-8C72-202C5C0DA897}.Release|x86.Build.0 = Release|Win32
		{6B93FE64-1C7B-476C-9500-A85522E4AA43}.Debug|x64.ActiveCfg = Debug|x64
		{6B93FE64-1C7B-476C-9500-A85522E4AA43}.Debug|x64.Build.0 = Debug|x64
		{6B93FE64-1C7B-476C-9500-A85522E4AA43}.Debug|x86.ActiveCfg = Debug|Win32
		{6B93FE64-1C7B-476C-9500-A85522E4AA43}.Debug|x86.Build.0 = Debug|Win32
		{6B93FE64-1C7B-476C-9500-A85522E4AA43}.Release|x64.ActiveCfg = Release|x64
		{6B93FE64-1C7B-476C-9500-A85522E4AA43}.Release|x64.Build.0 = Release|x64
		{6B93FE64-1C7B-476C-9500-A85522E4AA43}.Release|x86.ActiveCfg = Release|Win32
		{6B93FE64-1C7B-476C-9500-A85522E4AA43}.Release|x86.Build.0 = Release|Win32
		{4EA322FC-BB27-4E5D-98B3-72604CBD728F}.Debug|x64.ActiveCfg = Debug|x64
		{4EA322FC-BB27-4E5D-98B3-72604CBD728F}.Debug|x64.Build.0 = Debug|x64
		{4EA322FC-BB27-4E5D-98B3-72604CBD728F}.Debug|x86.ActiveCfg = Debug|Win32
		{4EA322FC-BB27-4E5D-98B3-72604CBD728F}.Debug|x86.Build.0 = Debug|Win32
		{4EA322FC-BB27-4E5D-98B3-72604CBD728F}.Release|x64.ActiveCfg = Release|x64
		{4EA322FC-BB27-4E5D-98B3-72604CBD728F}.Release|x64.Build.0 = Release|x64
		{4EA322FC-BB27-4E5D-98B3-72604CBD728F}.Release|x86.ActiveCfg = Release|Win32
		{4EA322FC-BB27-4E5D-98B3-72604CBD728F}.Release|x86.Build.0 = Release|Win32
		{6A2AA853-43CE-478A-8AF9-CFA679FCA500}.Debug|x64.ActiveCfg = Debug|x64
		{6A2AA853-43CE-478A-8AF9-CFA679FCA500}.Debug|x64.Build.0 = Debug|x64
		{6A2AA853-43CE-478A-8AF9-CFA679FCA500}.Debug|x86.ActiveCfg = Debug|Win32
		{6A2AA853-43CE-478A-8AF9-CFA679FCA500}.Debug|x86.Build.0 = Debug|Win32
		{6A2AA853-43CE-478A-8AF9-CFA679FCA500}.Release|x64.ActiveCfg = Release|x64
		{6A2AA853-43CE-478A-8AF9-CFA679FCA500}.Release|x64.Build.0 = Release|x64
		{6A2AA853-43CE-478A-8AF9-CFA679FCA500}.Release|x86.ActiveCfg = Release|Win32
		{6A2AA853-43CE-478A-8AF9-CFA679FCA500}.Release|x86.Build.0 = Release|Win32
	EndGlobalSection
	GlobalSection(SolutionProperties) = preSolution
		HideSolutionNode = FALSE
	EndGlobalSection
	GlobalSection(NestedProjects) = preSolution
		{8616C39E-9306-467D-AE3B-3A00E8DDE171} = {5B70A657-556C-4762-9D1F-59D4081274CB}
		{5AD32176-8222-4837-B7A9-B0855960C3A7} = {8616C39E-9306-467D-AE3B-3A00E8DDE171}
		{10E14E6C-C9F7-4410-B528-9BF107605F42} = {5B70A657-556C-4762-9D1F-59D4081274CB}
		{7D84E211-37A0-49AB-BE8C-56C60807E5A4} = {10E14E6C-C9F7-4410-B528-9BF107605F42}
		{BF6FD02B-1DB1-4D9D-A09F-6F489B608D69} = {5B70A657-556C-4762-9D1F-59D4081274CB}
		{FE4048AD-0E40-4EAC-B749-DDA74EA5DB9A} = {BF6FD02B-1DB1-4D9D-A09F-6F489B608D69}
		{C84327CC-B051-41C6-9921-3E170D53A19B} = {5B70A657-556C-4762-9D1F-59D4081274CB}
		{7A0E172D-1CB5-4B0A-A31E-DB5368760DF5} = {C84327CC-B051-41C6-9921-3E170D53A19B}
		{811138F9-1A14-47E1-AE4B-753D0A40FCA3} = {5B70A657-556C-4762-9D1F-59D4081274CB}
		{DE574A08-F6A2-4AB7-8C72-202C5C0DA897} = {811138F9-1A14-47E1-AE4B-753D0A40FCA3}
		{5DCF1596-D59E-4DA3-AD97-A5C463055524} = {5B70A657-556C-4762-9D1F-59D4081274CB}
		{6B93FE64-1C7B-476C-9500-A85522E4AA43} = {5DCF1596-D59E-4DA3-AD97-A5C463055524}
		{F1244827-AEF7-473A-B409-89E1471C73B3} = {5B70A657-556C-4762-9D1F-59D4081274CB}
		{4EA322FC-BB27-4E5D-98B3-72604CBD728F} = {F1244827-AEF7-473A-B409-89E1471C73B3}
		{FA153F93-484D-4FFF-B00B-5924E6E6F600} = {5B70A657-556C-4762-9D1F-59D4081274CB}
		{27CD5FAF-B2D6-4275-9185-560EB30AF239} = {5B70A657-556C-4762-9D1F-59D4081274CB}
		{6A2AA853-43CE-478A-8AF9-CFA679FCA500} = {27CD5FAF-B2D6-4275-9185-560EB30AF239}
	EndGlobalSection
	GlobalSection(ExtensibilityGlobals) = postSolution
		SolutionGuid = {D14A7BC6-79AD-4631-AE3B-228D66E311F2}
	EndGlobalSection
EndGlobal
